// !$*UTF8*$!
{
	archiveVersion = 1;
	classes = {
	};
	objectVersion = 50;
	objects = {

/* Begin PBXBuildFile section */
		D101BB3225D58AEF0038052B /* AppDelegate.swift in Sources */ = {isa = PBXBuildFile; fileRef = D101BB3125D58AEF0038052B /* AppDelegate.swift */; };
		D101BB3425D58AEF0038052B /* SceneDelegate.swift in Sources */ = {isa = PBXBuildFile; fileRef = D101BB3325D58AEF0038052B /* SceneDelegate.swift */; };
		D101BB3625D58AEF0038052B /* LoginViewController.swift in Sources */ = {isa = PBXBuildFile; fileRef = D101BB3525D58AEF0038052B /* LoginViewController.swift */; };
		D101BB3925D58AEF0038052B /* Main.storyboard in Resources */ = {isa = PBXBuildFile; fileRef = D101BB3725D58AEF0038052B /* Main.storyboard */; };
		D101BB3B25D58AF10038052B /* Assets.xcassets in Resources */ = {isa = PBXBuildFile; fileRef = D101BB3A25D58AF10038052B /* Assets.xcassets */; };
		D101BB3E25D58AF10038052B /* LaunchScreen.storyboard in Resources */ = {isa = PBXBuildFile; fileRef = D101BB3C25D58AF10038052B /* LaunchScreen.storyboard */; };
		D10DAD2825E6ADAB00C7C564 /* AddGroupTableViewController.swift in Sources */ = {isa = PBXBuildFile; fileRef = D10DAD2725E6ADAB00C7C564 /* AddGroupTableViewController.swift */; };
		D10DAD2C25E6AEE200C7C564 /* AddGroupTableViewCell.swift in Sources */ = {isa = PBXBuildFile; fileRef = D10DAD2B25E6AEE200C7C564 /* AddGroupTableViewCell.swift */; };
		D128065D25FFB44B008C9F07 /* UserAnimationNavigationController.swift in Sources */ = {isa = PBXBuildFile; fileRef = D128065C25FFB44B008C9F07 /* UserAnimationNavigationController.swift */; };
		D128066125FFB6B4008C9F07 /* TopRigthRotateAnimation.swift in Sources */ = {isa = PBXBuildFile; fileRef = D128066025FFB6B4008C9F07 /* TopRigthRotateAnimation.swift */; };
		D128066425FFCD73008C9F07 /* InteractiveTransitionAnimator.swift in Sources */ = {isa = PBXBuildFile; fileRef = D128066325FFCD72008C9F07 /* InteractiveTransitionAnimator.swift */; };
		D13277F525E021710071EF0E /* ListFriendsViewController.swift in Sources */ = {isa = PBXBuildFile; fileRef = D13277F425E021710071EF0E /* ListFriendsViewController.swift */; };
		D13277FA25E022750071EF0E /* FriendsCell.swift in Sources */ = {isa = PBXBuildFile; fileRef = D13277F925E022750071EF0E /* FriendsCell.swift */; };
		D132780125E02A560071EF0E /* User.swift in Sources */ = {isa = PBXBuildFile; fileRef = D132780025E02A560071EF0E /* User.swift */; };
		D134D7DB25E1626D0064E780 /* Group.swift in Sources */ = {isa = PBXBuildFile; fileRef = D134D7DA25E1626D0064E780 /* Group.swift */; };
		D134D7E325E3D8C70064E780 /* FriendsCollectionViewController.swift in Sources */ = {isa = PBXBuildFile; fileRef = D134D7E225E3D8C70064E780 /* FriendsCollectionViewController.swift */; };
		D134D7E725E4090A0064E780 /* FriendsCollectionViewCell.swift in Sources */ = {isa = PBXBuildFile; fileRef = D134D7E625E4090A0064E780 /* FriendsCollectionViewCell.swift */; };
		D134D7EA25E40D840064E780 /* ListGroupsTableViewController.swift in Sources */ = {isa = PBXBuildFile; fileRef = D134D7E925E40D840064E780 /* ListGroupsTableViewController.swift */; };
		D134D7EE25E40DAB0064E780 /* ListGroupsTableViewCell.swift in Sources */ = {isa = PBXBuildFile; fileRef = D134D7ED25E40DAB0064E780 /* ListGroupsTableViewCell.swift */; };
		D134D7F525E520C50064E780 /* FriendsCellImageView.swift in Sources */ = {isa = PBXBuildFile; fileRef = D134D7F425E520C50064E780 /* FriendsCellImageView.swift */; };
		D134D7F925E520DB0064E780 /* FriendsCellImageViewSubView.swift in Sources */ = {isa = PBXBuildFile; fileRef = D134D7F825E520DB0064E780 /* FriendsCellImageViewSubView.swift */; };
		D134D7FD25E53BE30064E780 /* GradientMainView.swift in Sources */ = {isa = PBXBuildFile; fileRef = D134D7FC25E53BE30064E780 /* GradientMainView.swift */; };
		D14A4AEA25F13D8600F55D27 /* GroupsRichXIBCell.swift in Sources */ = {isa = PBXBuildFile; fileRef = D14A4AE825F13D8600F55D27 /* GroupsRichXIBCell.swift */; };
		D14A4AEB25F13D8600F55D27 /* GroupsRichXIBCell.xib in Resources */ = {isa = PBXBuildFile; fileRef = D14A4AE925F13D8600F55D27 /* GroupsRichXIBCell.xib */; };
		D150351A26073D2A0048CA1D /* sessionsUser.swift in Sources */ = {isa = PBXBuildFile; fileRef = D150351926073D2A0048CA1D /* sessionsUser.swift */; };
		D17C4AFF25F3E437001603AE /* News.swift in Sources */ = {isa = PBXBuildFile; fileRef = D17C4AFE25F3E437001603AE /* News.swift */; };
		D183046125F92A73006CB07F /* FriendsPhotosViewController.swift in Sources */ = {isa = PBXBuildFile; fileRef = D183046025F92A73006CB07F /* FriendsPhotosViewController.swift */; };
		D183E2A525F273F100D3D30F /* UserFirstLetterHeaderView.swift in Sources */ = {isa = PBXBuildFile; fileRef = D183E2A425F273F100D3D30F /* UserFirstLetterHeaderView.swift */; };
		D183E2A925F2A33300D3D30F /* GroupSearchBar.swift in Sources */ = {isa = PBXBuildFile; fileRef = D183E2A825F2A33300D3D30F /* GroupSearchBar.swift */; };
		D1B7F22225EFE9F300B64BE8 /* FriendsRichXIBCell.swift in Sources */ = {isa = PBXBuildFile; fileRef = D1B7F22025EFE9F300B64BE8 /* FriendsRichXIBCell.swift */; };
		D1B7F22325EFE9F300B64BE8 /* FriendsRichXIBCell.xib in Resources */ = {isa = PBXBuildFile; fileRef = D1B7F22125EFE9F300B64BE8 /* FriendsRichXIBCell.xib */; };
		D1CEB49425F2A79200A6A25C /* NewsTableViewController.swift in Sources */ = {isa = PBXBuildFile; fileRef = D1CEB49325F2A79200A6A25C /* NewsTableViewController.swift */; };
		D1CEB49925F2A7F600A6A25C /* NewsRichXIBCell.swift in Sources */ = {isa = PBXBuildFile; fileRef = D1CEB49725F2A7F600A6A25C /* NewsRichXIBCell.swift */; };
		D1CEB49A25F2A7F600A6A25C /* NewsRichXIBCell.xib in Resources */ = {isa = PBXBuildFile; fileRef = D1CEB49825F2A7F600A6A25C /* NewsRichXIBCell.xib */; };
/* End PBXBuildFile section */

/* Begin PBXFileReference section */
		D101BB2E25D58AEF0038052B /* myVK.app */ = {isa = PBXFileReference; explicitFileType = wrapper.application; includeInIndex = 0; path = myVK.app; sourceTree = BUILT_PRODUCTS_DIR; };
		D101BB3125D58AEF0038052B /* AppDelegate.swift */ = {isa = PBXFileReference; lastKnownFileType = sourcecode.swift; path = AppDelegate.swift; sourceTree = "<group>"; };
		D101BB3325D58AEF0038052B /* SceneDelegate.swift */ = {isa = PBXFileReference; lastKnownFileType = sourcecode.swift; path = SceneDelegate.swift; sourceTree = "<group>"; };
		D101BB3525D58AEF0038052B /* LoginViewController.swift */ = {isa = PBXFileReference; lastKnownFileType = sourcecode.swift; path = LoginViewController.swift; sourceTree = "<group>"; };
		D101BB3825D58AEF0038052B /* Base */ = {isa = PBXFileReference; lastKnownFileType = file.storyboard; name = Base; path = Base.lproj/Main.storyboard; sourceTree = "<group>"; };
		D101BB3A25D58AF10038052B /* Assets.xcassets */ = {isa = PBXFileReference; lastKnownFileType = folder.assetcatalog; path = Assets.xcassets; sourceTree = "<group>"; };
		D101BB3D25D58AF10038052B /* Base */ = {isa = PBXFileReference; lastKnownFileType = file.storyboard; name = Base; path = Base.lproj/LaunchScreen.storyboard; sourceTree = "<group>"; };
		D101BB3F25D58AF10038052B /* Info.plist */ = {isa = PBXFileReference; lastKnownFileType = text.plist.xml; path = Info.plist; sourceTree = "<group>"; };
		D10DAD2725E6ADAB00C7C564 /* AddGroupTableViewController.swift */ = {isa = PBXFileReference; lastKnownFileType = sourcecode.swift; path = AddGroupTableViewController.swift; sourceTree = "<group>"; };
		D10DAD2B25E6AEE200C7C564 /* AddGroupTableViewCell.swift */ = {isa = PBXFileReference; lastKnownFileType = sourcecode.swift; path = AddGroupTableViewCell.swift; sourceTree = "<group>"; };
		D128065C25FFB44B008C9F07 /* UserAnimationNavigationController.swift */ = {isa = PBXFileReference; lastKnownFileType = sourcecode.swift; path = UserAnimationNavigationController.swift; sourceTree = "<group>"; };
		D128066025FFB6B4008C9F07 /* TopRigthRotateAnimation.swift */ = {isa = PBXFileReference; lastKnownFileType = sourcecode.swift; path = TopRigthRotateAnimation.swift; sourceTree = "<group>"; };
		D128066325FFCD72008C9F07 /* InteractiveTransitionAnimator.swift */ = {isa = PBXFileReference; lastKnownFileType = sourcecode.swift; path = InteractiveTransitionAnimator.swift; sourceTree = "<group>"; };
		D13277F425E021710071EF0E /* ListFriendsViewController.swift */ = {isa = PBXFileReference; lastKnownFileType = sourcecode.swift; path = ListFriendsViewController.swift; sourceTree = "<group>"; };
		D13277F925E022750071EF0E /* FriendsCell.swift */ = {isa = PBXFileReference; lastKnownFileType = sourcecode.swift; path = FriendsCell.swift; sourceTree = "<group>"; };
		D132780025E02A560071EF0E /* User.swift */ = {isa = PBXFileReference; lastKnownFileType = sourcecode.swift; path = User.swift; sourceTree = "<group>"; };
		D134D7DA25E1626D0064E780 /* Group.swift */ = {isa = PBXFileReference; lastKnownFileType = sourcecode.swift; path = Group.swift; sourceTree = "<group>"; };
		D134D7E225E3D8C70064E780 /* FriendsCollectionViewController.swift */ = {isa = PBXFileReference; lastKnownFileType = sourcecode.swift; path = FriendsCollectionViewController.swift; sourceTree = "<group>"; };
		D134D7E625E4090A0064E780 /* FriendsCollectionViewCell.swift */ = {isa = PBXFileReference; lastKnownFileType = sourcecode.swift; path = FriendsCollectionViewCell.swift; sourceTree = "<group>"; };
		D134D7E925E40D840064E780 /* ListGroupsTableViewController.swift */ = {isa = PBXFileReference; lastKnownFileType = sourcecode.swift; path = ListGroupsTableViewController.swift; sourceTree = "<group>"; };
		D134D7ED25E40DAB0064E780 /* ListGroupsTableViewCell.swift */ = {isa = PBXFileReference; lastKnownFileType = sourcecode.swift; path = ListGroupsTableViewCell.swift; sourceTree = "<group>"; };
		D134D7F425E520C50064E780 /* FriendsCellImageView.swift */ = {isa = PBXFileReference; lastKnownFileType = sourcecode.swift; path = FriendsCellImageView.swift; sourceTree = "<group>"; };
		D134D7F825E520DB0064E780 /* FriendsCellImageViewSubView.swift */ = {isa = PBXFileReference; lastKnownFileType = sourcecode.swift; path = FriendsCellImageViewSubView.swift; sourceTree = "<group>"; };
		D134D7FC25E53BE30064E780 /* GradientMainView.swift */ = {isa = PBXFileReference; lastKnownFileType = sourcecode.swift; path = GradientMainView.swift; sourceTree = "<group>"; };
		D14A4AE825F13D8600F55D27 /* GroupsRichXIBCell.swift */ = {isa = PBXFileReference; lastKnownFileType = sourcecode.swift; path = GroupsRichXIBCell.swift; sourceTree = "<group>"; };
		D14A4AE925F13D8600F55D27 /* GroupsRichXIBCell.xib */ = {isa = PBXFileReference; lastKnownFileType = file.xib; path = GroupsRichXIBCell.xib; sourceTree = "<group>"; };
		D150351926073D2A0048CA1D /* sessionsUser.swift */ = {isa = PBXFileReference; lastKnownFileType = sourcecode.swift; path = sessionsUser.swift; sourceTree = "<group>"; };
		D17C4AFE25F3E437001603AE /* News.swift */ = {isa = PBXFileReference; lastKnownFileType = sourcecode.swift; path = News.swift; sourceTree = "<group>"; };
		D183046025F92A73006CB07F /* FriendsPhotosViewController.swift */ = {isa = PBXFileReference; lastKnownFileType = sourcecode.swift; path = FriendsPhotosViewController.swift; sourceTree = "<group>"; };
		D183E2A425F273F100D3D30F /* UserFirstLetterHeaderView.swift */ = {isa = PBXFileReference; lastKnownFileType = sourcecode.swift; path = UserFirstLetterHeaderView.swift; sourceTree = "<group>"; };
		D183E2A825F2A33300D3D30F /* GroupSearchBar.swift */ = {isa = PBXFileReference; lastKnownFileType = sourcecode.swift; path = GroupSearchBar.swift; sourceTree = "<group>"; };
		D1B7F22025EFE9F300B64BE8 /* FriendsRichXIBCell.swift */ = {isa = PBXFileReference; lastKnownFileType = sourcecode.swift; path = FriendsRichXIBCell.swift; sourceTree = "<group>"; };
		D1B7F22125EFE9F300B64BE8 /* FriendsRichXIBCell.xib */ = {isa = PBXFileReference; lastKnownFileType = file.xib; path = FriendsRichXIBCell.xib; sourceTree = "<group>"; };
		D1CEB49325F2A79200A6A25C /* NewsTableViewController.swift */ = {isa = PBXFileReference; lastKnownFileType = sourcecode.swift; path = NewsTableViewController.swift; sourceTree = "<group>"; };
		D1CEB49725F2A7F600A6A25C /* NewsRichXIBCell.swift */ = {isa = PBXFileReference; lastKnownFileType = sourcecode.swift; path = NewsRichXIBCell.swift; sourceTree = "<group>"; };
		D1CEB49825F2A7F600A6A25C /* NewsRichXIBCell.xib */ = {isa = PBXFileReference; lastKnownFileType = file.xib; path = NewsRichXIBCell.xib; sourceTree = "<group>"; };
/* End PBXFileReference section */

/* Begin PBXFrameworksBuildPhase section */
		D101BB2B25D58AEF0038052B /* Frameworks */ = {
			isa = PBXFrameworksBuildPhase;
			buildActionMask = 2147483647;
			files = (
			);
			runOnlyForDeploymentPostprocessing = 0;
		};
/* End PBXFrameworksBuildPhase section */

/* Begin PBXGroup section */
		D101BB2525D58AEF0038052B = {
			isa = PBXGroup;
			children = (
				D101BB3025D58AEF0038052B /* myVK */,
				D101BB2F25D58AEF0038052B /* Products */,
			);
			sourceTree = "<group>";
		};
		D101BB2F25D58AEF0038052B /* Products */ = {
			isa = PBXGroup;
			children = (
				D101BB2E25D58AEF0038052B /* myVK.app */,
			);
			name = Products;
			sourceTree = "<group>";
		};
		D101BB3025D58AEF0038052B /* myVK */ = {
			isa = PBXGroup;
			children = (
				D150351826073D0E0048CA1D /* Sessions */,
				D128065B25FFB408008C9F07 /* Animation */,
				D1CEB49125F2A76C00A6A25C /* News */,
				D134D7D825E161DF0064E780 /* Model */,
				D101BB3125D58AEF0038052B /* AppDelegate.swift */,
				D101BB3325D58AEF0038052B /* SceneDelegate.swift */,
				D101BB3525D58AEF0038052B /* LoginViewController.swift */,
				D101BB3725D58AEF0038052B /* Main.storyboard */,
				D101BB3A25D58AF10038052B /* Assets.xcassets */,
				D101BB3C25D58AF10038052B /* LaunchScreen.storyboard */,
				D101BB3F25D58AF10038052B /* Info.plist */,
				D13277FC25E0227D0071EF0E /* ListFriends */,
				D134D7F125E40DB10064E780 /* ListGorups */,
				D134D7FC25E53BE30064E780 /* GradientMainView.swift */,
			);
			path = myVK;
			sourceTree = "<group>";
		};
		D10DAD2E25E7FE9B00C7C564 /* SelectedGroup */ = {
			isa = PBXGroup;
			children = (
				D134D7E925E40D840064E780 /* ListGroupsTableViewController.swift */,
				D134D7ED25E40DAB0064E780 /* ListGroupsTableViewCell.swift */,
			);
			path = SelectedGroup;
			sourceTree = "<group>";
		};
		D10DAD3025E7FEAA00C7C564 /* AvalibaleGroup */ = {
			isa = PBXGroup;
			children = (
				D10DAD2725E6ADAB00C7C564 /* AddGroupTableViewController.swift */,
				D10DAD2B25E6AEE200C7C564 /* AddGroupTableViewCell.swift */,
			);
			path = AvalibaleGroup;
			sourceTree = "<group>";
		};
		D128065B25FFB408008C9F07 /* Animation */ = {
			isa = PBXGroup;
			children = (
				D128065C25FFB44B008C9F07 /* UserAnimationNavigationController.swift */,
				D128066025FFB6B4008C9F07 /* TopRigthRotateAnimation.swift */,
				D128066325FFCD72008C9F07 /* InteractiveTransitionAnimator.swift */,
			);
			path = Animation;
			sourceTree = "<group>";
		};
		D13277FC25E0227D0071EF0E /* ListFriends */ = {
			isa = PBXGroup;
			children = (
				D14A4AF025F149F400F55D27 /* RichCellXIB */,
				D13277F425E021710071EF0E /* ListFriendsViewController.swift */,
				D13277F925E022750071EF0E /* FriendsCell.swift */,
				D134D7E225E3D8C70064E780 /* FriendsCollectionViewController.swift */,
				D134D7E625E4090A0064E780 /* FriendsCollectionViewCell.swift */,
				D134D7F425E520C50064E780 /* FriendsCellImageView.swift */,
				D134D7F825E520DB0064E780 /* FriendsCellImageViewSubView.swift */,
				D183046025F92A73006CB07F /* FriendsPhotosViewController.swift */,
			);
			path = ListFriends;
			sourceTree = "<group>";
		};
		D134D7D825E161DF0064E780 /* Model */ = {
			isa = PBXGroup;
			children = (
				D132780025E02A560071EF0E /* User.swift */,
				D134D7DA25E1626D0064E780 /* Group.swift */,
				D17C4AFE25F3E437001603AE /* News.swift */,
			);
			path = Model;
			sourceTree = "<group>";
		};
		D134D7F125E40DB10064E780 /* ListGorups */ = {
			isa = PBXGroup;
			children = (
				D10DAD2E25E7FE9B00C7C564 /* SelectedGroup */,
				D10DAD3025E7FEAA00C7C564 /* AvalibaleGroup */,
				D14A4AED25F13D8E00F55D27 /* RichCellXIB */,
			);
			path = ListGorups;
			sourceTree = "<group>";
		};
		D14A4AED25F13D8E00F55D27 /* RichCellXIB */ = {
			isa = PBXGroup;
			children = (
				D14A4AE825F13D8600F55D27 /* GroupsRichXIBCell.swift */,
				D14A4AE925F13D8600F55D27 /* GroupsRichXIBCell.xib */,
				D183E2A825F2A33300D3D30F /* GroupSearchBar.swift */,
			);
			path = RichCellXIB;
			sourceTree = "<group>";
		};
		D14A4AF025F149F400F55D27 /* RichCellXIB */ = {
			isa = PBXGroup;
			children = (
				D1B7F22025EFE9F300B64BE8 /* FriendsRichXIBCell.swift */,
				D1B7F22125EFE9F300B64BE8 /* FriendsRichXIBCell.xib */,
				D183E2A425F273F100D3D30F /* UserFirstLetterHeaderView.swift */,
			);
			path = RichCellXIB;
			sourceTree = "<group>";
		};
		D150351826073D0E0048CA1D /* Sessions */ = {
			isa = PBXGroup;
			children = (
				D150351926073D2A0048CA1D /* sessionsUser.swift */,
			);
			path = Sessions;
			sourceTree = "<group>";
		};
		D1CEB49125F2A76C00A6A25C /* News */ = {
			isa = PBXGroup;
			children = (
				D1CEB49625F2A7C300A6A25C /* RichCellXIB */,
				D1CEB49325F2A79200A6A25C /* NewsTableViewController.swift */,
			);
			path = News;
			sourceTree = "<group>";
		};
		D1CEB49625F2A7C300A6A25C /* RichCellXIB */ = {
			isa = PBXGroup;
			children = (
				D1CEB49725F2A7F600A6A25C /* NewsRichXIBCell.swift */,
				D1CEB49825F2A7F600A6A25C /* NewsRichXIBCell.xib */,
			);
			path = RichCellXIB;
			sourceTree = "<group>";
		};
/* End PBXGroup section */

/* Begin PBXNativeTarget section */
		D101BB2D25D58AEF0038052B /* myVK */ = {
			isa = PBXNativeTarget;
			buildConfigurationList = D101BB4225D58AF10038052B /* Build configuration list for PBXNativeTarget "myVK" */;
			buildPhases = (
				D101BB2A25D58AEF0038052B /* Sources */,
				D101BB2B25D58AEF0038052B /* Frameworks */,
				D101BB2C25D58AEF0038052B /* Resources */,
			);
			buildRules = (
			);
			dependencies = (
			);
			name = myVK;
			productName = myVK;
			productReference = D101BB2E25D58AEF0038052B /* myVK.app */;
			productType = "com.apple.product-type.application";
		};
/* End PBXNativeTarget section */

/* Begin PBXProject section */
		D101BB2625D58AEF0038052B /* Project object */ = {
			isa = PBXProject;
			attributes = {
				LastSwiftUpdateCheck = 1240;
				LastUpgradeCheck = 1240;
				TargetAttributes = {
					D101BB2D25D58AEF0038052B = {
						CreatedOnToolsVersion = 12.4;
					};
				};
			};
			buildConfigurationList = D101BB2925D58AEF0038052B /* Build configuration list for PBXProject "myVK" */;
			compatibilityVersion = "Xcode 9.3";
			developmentRegion = en;
			hasScannedForEncodings = 0;
			knownRegions = (
				en,
				Base,
			);
			mainGroup = D101BB2525D58AEF0038052B;
			productRefGroup = D101BB2F25D58AEF0038052B /* Products */;
			projectDirPath = "";
			projectRoot = "";
			targets = (
				D101BB2D25D58AEF0038052B /* myVK */,
			);
		};
/* End PBXProject section */

/* Begin PBXResourcesBuildPhase section */
		D101BB2C25D58AEF0038052B /* Resources */ = {
			isa = PBXResourcesBuildPhase;
			buildActionMask = 2147483647;
			files = (
				D1CEB49A25F2A7F600A6A25C /* NewsRichXIBCell.xib in Resources */,
				D101BB3E25D58AF10038052B /* LaunchScreen.storyboard in Resources */,
				D1B7F22325EFE9F300B64BE8 /* FriendsRichXIBCell.xib in Resources */,
				D101BB3B25D58AF10038052B /* Assets.xcassets in Resources */,
				D14A4AEB25F13D8600F55D27 /* GroupsRichXIBCell.xib in Resources */,
				D101BB3925D58AEF0038052B /* Main.storyboard in Resources */,
			);
			runOnlyForDeploymentPostprocessing = 0;
		};
/* End PBXResourcesBuildPhase section */

/* Begin PBXSourcesBuildPhase section */
		D101BB2A25D58AEF0038052B /* Sources */ = {
			isa = PBXSourcesBuildPhase;
			buildActionMask = 2147483647;
			files = (
				D134D7EE25E40DAB0064E780 /* ListGroupsTableViewCell.swift in Sources */,
				D183046125F92A73006CB07F /* FriendsPhotosViewController.swift in Sources */,
				D17C4AFF25F3E437001603AE /* News.swift in Sources */,
				D134D7FD25E53BE30064E780 /* GradientMainView.swift in Sources */,
				D1B7F22225EFE9F300B64BE8 /* FriendsRichXIBCell.swift in Sources */,
				D134D7DB25E1626D0064E780 /* Group.swift in Sources */,
				D134D7F525E520C50064E780 /* FriendsCellImageView.swift in Sources */,
				D150351A26073D2A0048CA1D /* sessionsUser.swift in Sources */,
				D1CEB49425F2A79200A6A25C /* NewsTableViewController.swift in Sources */,
				D134D7E725E4090A0064E780 /* FriendsCollectionViewCell.swift in Sources */,
				D128065D25FFB44B008C9F07 /* UserAnimationNavigationController.swift in Sources */,
				D183E2A925F2A33300D3D30F /* GroupSearchBar.swift in Sources */,
				D1CEB49925F2A7F600A6A25C /* NewsRichXIBCell.swift in Sources */,
				D134D7F925E520DB0064E780 /* FriendsCellImageViewSubView.swift in Sources */,
				D183E2A525F273F100D3D30F /* UserFirstLetterHeaderView.swift in Sources */,
				D101BB3625D58AEF0038052B /* LoginViewController.swift in Sources */,
				D13277FA25E022750071EF0E /* FriendsCell.swift in Sources */,
				D101BB3225D58AEF0038052B /* AppDelegate.swift in Sources */,
				D101BB3425D58AEF0038052B /* SceneDelegate.swift in Sources */,
				D13277F525E021710071EF0E /* ListFriendsViewController.swift in Sources */,
				D134D7EA25E40D840064E780 /* ListGroupsTableViewController.swift in Sources */,
				D14A4AEA25F13D8600F55D27 /* GroupsRichXIBCell.swift in Sources */,
				D10DAD2825E6ADAB00C7C564 /* AddGroupTableViewController.swift in Sources */,
				D128066425FFCD73008C9F07 /* InteractiveTransitionAnimator.swift in Sources */,
				D134D7E325E3D8C70064E780 /* FriendsCollectionViewController.swift in Sources */,
				D132780125E02A560071EF0E /* User.swift in Sources */,
				D128066125FFB6B4008C9F07 /* TopRigthRotateAnimation.swift in Sources */,
				D10DAD2C25E6AEE200C7C564 /* AddGroupTableViewCell.swift in Sources */,
			);
			runOnlyForDeploymentPostprocessing = 0;
		};
/* End PBXSourcesBuildPhase section */

/* Begin PBXVariantGroup section */
		D101BB3725D58AEF0038052B /* Main.storyboard */ = {
			isa = PBXVariantGroup;
			children = (
				D101BB3825D58AEF0038052B /* Base */,
			);
			name = Main.storyboard;
			sourceTree = "<group>";
		};
		D101BB3C25D58AF10038052B /* LaunchScreen.storyboard */ = {
			isa = PBXVariantGroup;
			children = (
				D101BB3D25D58AF10038052B /* Base */,
			);
			name = LaunchScreen.storyboard;
			sourceTree = "<group>";
		};
/* End PBXVariantGroup section */

/* Begin XCBuildConfiguration section */
		D101BB4025D58AF10038052B /* Debug */ = {
			isa = XCBuildConfiguration;
			buildSettings = {
				ALWAYS_SEARCH_USER_PATHS = NO;
				CLANG_ANALYZER_NONNULL = YES;
				CLANG_ANALYZER_NUMBER_OBJECT_CONVERSION = YES_AGGRESSIVE;
				CLANG_CXX_LANGUAGE_STANDARD = "gnu++14";
				CLANG_CXX_LIBRARY = "libc++";
				CLANG_ENABLE_MODULES = YES;
				CLANG_ENABLE_OBJC_ARC = YES;
				CLANG_ENABLE_OBJC_WEAK = YES;
				CLANG_WARN_BLOCK_CAPTURE_AUTORELEASING = YES;
				CLANG_WARN_BOOL_CONVERSION = YES;
				CLANG_WARN_COMMA = YES;
				CLANG_WARN_CONSTANT_CONVERSION = YES;
				CLANG_WARN_DEPRECATED_OBJC_IMPLEMENTATIONS = YES;
				CLANG_WARN_DIRECT_OBJC_ISA_USAGE = YES_ERROR;
				CLANG_WARN_DOCUMENTATION_COMMENTS = YES;
				CLANG_WARN_EMPTY_BODY = YES;
				CLANG_WARN_ENUM_CONVERSION = YES;
				CLANG_WARN_INFINITE_RECURSION = YES;
				CLANG_WARN_INT_CONVERSION = YES;
				CLANG_WARN_NON_LITERAL_NULL_CONVERSION = YES;
				CLANG_WARN_OBJC_IMPLICIT_RETAIN_SELF = YES;
				CLANG_WARN_OBJC_LITERAL_CONVERSION = YES;
				CLANG_WARN_OBJC_ROOT_CLASS = YES_ERROR;
				CLANG_WARN_QUOTED_INCLUDE_IN_FRAMEWORK_HEADER = YES;
				CLANG_WARN_RANGE_LOOP_ANALYSIS = YES;
				CLANG_WARN_STRICT_PROTOTYPES = YES;
				CLANG_WARN_SUSPICIOUS_MOVE = YES;
				CLANG_WARN_UNGUARDED_AVAILABILITY = YES_AGGRESSIVE;
				CLANG_WARN_UNREACHABLE_CODE = YES;
				CLANG_WARN__DUPLICATE_METHOD_MATCH = YES;
				COPY_PHASE_STRIP = NO;
				DEBUG_INFORMATION_FORMAT = dwarf;
				ENABLE_STRICT_OBJC_MSGSEND = YES;
				ENABLE_TESTABILITY = YES;
				GCC_C_LANGUAGE_STANDARD = gnu11;
				GCC_DYNAMIC_NO_PIC = NO;
				GCC_NO_COMMON_BLOCKS = YES;
				GCC_OPTIMIZATION_LEVEL = 0;
				GCC_PREPROCESSOR_DEFINITIONS = (
					"DEBUG=1",
					"$(inherited)",
				);
				GCC_WARN_64_TO_32_BIT_CONVERSION = YES;
				GCC_WARN_ABOUT_RETURN_TYPE = YES_ERROR;
				GCC_WARN_UNDECLARED_SELECTOR = YES;
				GCC_WARN_UNINITIALIZED_AUTOS = YES_AGGRESSIVE;
				GCC_WARN_UNUSED_FUNCTION = YES;
				GCC_WARN_UNUSED_VARIABLE = YES;
				IPHONEOS_DEPLOYMENT_TARGET = 14.4;
				MTL_ENABLE_DEBUG_INFO = INCLUDE_SOURCE;
				MTL_FAST_MATH = YES;
				ONLY_ACTIVE_ARCH = YES;
				SDKROOT = iphoneos;
				SWIFT_ACTIVE_COMPILATION_CONDITIONS = DEBUG;
				SWIFT_OPTIMIZATION_LEVEL = "-Onone";
			};
			name = Debug;
		};
		D101BB4125D58AF10038052B /* Release */ = {
			isa = XCBuildConfiguration;
			buildSettings = {
				ALWAYS_SEARCH_USER_PATHS = NO;
				CLANG_ANALYZER_NONNULL = YES;
				CLANG_ANALYZER_NUMBER_OBJECT_CONVERSION = YES_AGGRESSIVE;
				CLANG_CXX_LANGUAGE_STANDARD = "gnu++14";
				CLANG_CXX_LIBRARY = "libc++";
				CLANG_ENABLE_MODULES = YES;
				CLANG_ENABLE_OBJC_ARC = YES;
				CLANG_ENABLE_OBJC_WEAK = YES;
				CLANG_WARN_BLOCK_CAPTURE_AUTORELEASING = YES;
				CLANG_WARN_BOOL_CONVERSION = YES;
				CLANG_WARN_COMMA = YES;
				CLANG_WARN_CONSTANT_CONVERSION = YES;
				CLANG_WARN_DEPRECATED_OBJC_IMPLEMENTATIONS = YES;
				CLANG_WARN_DIRECT_OBJC_ISA_USAGE = YES_ERROR;
				CLANG_WARN_DOCUMENTATION_COMMENTS = YES;
				CLANG_WARN_EMPTY_BODY = YES;
				CLANG_WARN_ENUM_CONVERSION = YES;
				CLANG_WARN_INFINITE_RECURSION = YES;
				CLANG_WARN_INT_CONVERSION = YES;
				CLANG_WARN_NON_LITERAL_NULL_CONVERSION = YES;
				CLANG_WARN_OBJC_IMPLICIT_RETAIN_SELF = YES;
				CLANG_WARN_OBJC_LITERAL_CONVERSION = YES;
				CLANG_WARN_OBJC_ROOT_CLASS = YES_ERROR;
				CLANG_WARN_QUOTED_INCLUDE_IN_FRAMEWORK_HEADER = YES;
				CLANG_WARN_RANGE_LOOP_ANALYSIS = YES;
				CLANG_WARN_STRICT_PROTOTYPES = YES;
				CLANG_WARN_SUSPICIOUS_MOVE = YES;
				CLANG_WARN_UNGUARDED_AVAILABILITY = YES_AGGRESSIVE;
				CLANG_WARN_UNREACHABLE_CODE = YES;
				CLANG_WARN__DUPLICATE_METHOD_MATCH = YES;
				COPY_PHASE_STRIP = NO;
				DEBUG_INFORMATION_FORMAT = "dwarf-with-dsym";
				ENABLE_NS_ASSERTIONS = NO;
				ENABLE_STRICT_OBJC_MSGSEND = YES;
				GCC_C_LANGUAGE_STANDARD = gnu11;
				GCC_NO_COMMON_BLOCKS = YES;
				GCC_WARN_64_TO_32_BIT_CONVERSION = YES;
				GCC_WARN_ABOUT_RETURN_TYPE = YES_ERROR;
				GCC_WARN_UNDECLARED_SELECTOR = YES;
				GCC_WARN_UNINITIALIZED_AUTOS = YES_AGGRESSIVE;
				GCC_WARN_UNUSED_FUNCTION = YES;
				GCC_WARN_UNUSED_VARIABLE = YES;
				IPHONEOS_DEPLOYMENT_TARGET = 14.4;
				MTL_ENABLE_DEBUG_INFO = NO;
				MTL_FAST_MATH = YES;
				SDKROOT = iphoneos;
				SWIFT_COMPILATION_MODE = wholemodule;
				SWIFT_OPTIMIZATION_LEVEL = "-O";
				VALIDATE_PRODUCT = YES;
			};
			name = Release;
		};
		D101BB4325D58AF10038052B /* Debug */ = {
			isa = XCBuildConfiguration;
			buildSettings = {
				ASSETCATALOG_COMPILER_APPICON_NAME = AppIcon;
				ASSETCATALOG_COMPILER_GLOBAL_ACCENT_COLOR_NAME = AccentColor;
				CODE_SIGN_STYLE = Automatic;
				DEVELOPMENT_TEAM = 9YP73QAQVB;
				INFOPLIST_FILE = myVK/Info.plist;
				LD_RUNPATH_SEARCH_PATHS = (
					"$(inherited)",
					"@executable_path/Frameworks",
				);
				PRODUCT_BUNDLE_IDENTIFIER = me.polyakov.myVK;
				PRODUCT_NAME = "$(TARGET_NAME)";
				SWIFT_VERSION = 5.0;
				TARGETED_DEVICE_FAMILY = "1,2";
			};
			name = Debug;
		};
		D101BB4425D58AF10038052B /* Release */ = {
			isa = XCBuildConfiguration;
			buildSettings = {
				ASSETCATALOG_COMPILER_APPICON_NAME = AppIcon;
				ASSETCATALOG_COMPILER_GLOBAL_ACCENT_COLOR_NAME = AccentColor;
				CODE_SIGN_STYLE = Automatic;
				DEVELOPMENT_TEAM = 9YP73QAQVB;
				INFOPLIST_FILE = myVK/Info.plist;
				LD_RUNPATH_SEARCH_PATHS = (
					"$(inherited)",
					"@executable_path/Frameworks",
				);
				PRODUCT_BUNDLE_IDENTIFIER = me.polyakov.myVK;
				PRODUCT_NAME = "$(TARGET_NAME)";
				SWIFT_VERSION = 5.0;
				TARGETED_DEVICE_FAMILY = "1,2";
			};
			name = Release;
		};
/* End XCBuildConfiguration section */

/* Begin XCConfigurationList section */
		D101BB2925D58AEF0038052B /* Build configuration list for PBXProject "myVK" */ = {
			isa = XCConfigurationList;
			buildConfigurations = (
				D101BB4025D58AF10038052B /* Debug */,
				D101BB4125D58AF10038052B /* Release */,
			);
			defaultConfigurationIsVisible = 0;
			defaultConfigurationName = Release;
		};
		D101BB4225D58AF10038052B /* Build configuration list for PBXNativeTarget "myVK" */ = {
			isa = XCConfigurationList;
			buildConfigurations = (
				D101BB4325D58AF10038052B /* Debug */,
				D101BB4425D58AF10038052B /* Release */,
			);
			defaultConfigurationIsVisible = 0;
			defaultConfigurationName = Release;
		};
/* End XCConfigurationList section */
	};
	rootObject = D101BB2625D58AEF0038052B /* Project object */;
}
